Microsoft Visual Studio Solution File, Format Version 12.00
# Visual Studio Version 17
VisualStudioVersion = 17.5.2.0
MinimumVisualStudioVersion = 10.0.40219.1
Project("{FAE04EC0-301F-11D3-BF4B-00C04F79EFBC}") = "P2-pratica", "P2-pratica.csproj", "{A3C600C3-B9DF-AF9A-66C5-49D6BEE559FB}"
EndProject
Global
	GlobalSection(SolutionConfigurationPlatforms) = preSolution
		Debug|Any CPU = Debug|Any CPU
		Release|Any CPU = Release|Any CPU
	EndGlobalSection
	GlobalSection(ProjectConfigurationPlatforms) = postSolution
		{A3C600C3-B9DF-AF9A-66C5-49D6BEE559FB}.Debug|Any CPU.ActiveCfg = Debug|Any CPU
		{A3C600C3-B9DF-AF9A-66C5-49D6BEE559FB}.Debug|Any CPU.Build.0 = Debug|Any CPU
		{A3C600C3-B9DF-AF9A-66C5-49D6BEE559FB}.Release|Any CPU.ActiveCfg = Release|Any CPU
		{A3C600C3-B9DF-AF9A-66C5-49D6BEE559FB}.Release|Any CPU.Build.0 = Release|Any CPU
	EndGlobalSection
	GlobalSection(SolutionProperties) = preSolution
		HideSolutionNode = FALSE
	EndGlobalSection
	GlobalSection(ExtensibilityGlobals) = postSolution
		SolutionGuid = {5D534403-EBA9-4837-9FF7-5EACA7044612}
	EndGlobalSection
EndGlobal
